
Microsoft Visual Studio Solution File, Format Version 12.00
# Visual Studio Version 17
VisualStudioVersion = 17.5.33424.131
MinimumVisualStudioVersion = 10.0.40219.1
Project("{FAE04EC0-301F-11D3-BF4B-00C04F79EFBC}") = "PROYECTO_FINAL", "PROYECTO_FINAL\PROYECTO_FINAL.csproj", "{B33DC4DC-6B8E-4C39-B0D4-403CBDD97683}"
EndProject
Global
	GlobalSection(SolutionConfigurationPlatforms) = preSolution
		Debug|Any CPU = Debug|Any CPU
		Release|Any CPU = Release|Any CPU
	EndGlobalSection
	GlobalSection(ProjectConfigurationPlatforms) = postSolution
		{B33DC4DC-6B8E-4C39-B0D4-403CBDD97683}.Debug|Any CPU.ActiveCfg = Debug|Any CPU
		{B33DC4DC-6B8E-4C39-B0D4-403CBDD97683}.Debug|Any CPU.Build.0 = Debug|Any CPU
		{B33DC4DC-6B8E-4C39-B0D4-403CBDD97683}.Release|Any CPU.ActiveCfg = Release|Any CPU
		{B33DC4DC-6B8E-4C39-B0D4-403CBDD97683}.Release|Any CPU.Build.0 = Release|Any CPU
	EndGlobalSection
	GlobalSection(SolutionProperties) = preSolution
		HideSolutionNode = FALSE
	EndGlobalSection
	GlobalSection(ExtensibilityGlobals) = postSolution
		SolutionGuid = {73F51A87-2139-4A36-9666-76C9D5E073DF}
	EndGlobalSection
EndGlobal
